
Microsoft Visual Studio Solution File, Format Version 12.00
# Visual Studio 2013
VisualStudioVersion = 12.0.40629.0
MinimumVisualStudioVersion = 10.0.40219.1
Project("{FAE04EC0-301F-11D3-BF4B-00C04F79EFBC}") = "AFSS", "SimpleCryptographer\AFSS.csproj", "{C4EB227D-CCA3-414A-B6D7-351D58B3D518}"
EndProject
Project("{FAE04EC0-301F-11D3-BF4B-00C04F79EFBC}") = "DAL", "DAL\DAL.csproj", "{B0F65597-A4FD-4C0D-BE5B-4713561F981D}"
EndProject
Project("{FAE04EC0-301F-11D3-BF4B-00C04F79EFBC}") = "Model", "Model\Model.csproj", "{43FF29F5-451C-4E72-9B37-F44EBE06D287}"
EndProject
Project("{FAE04EC0-301F-11D3-BF4B-00C04F79EFBC}") = "PublicClass", "PublicClass\PublicClass.csproj", "{3149A8BC-EA3C-4D6C-938E-520B7EE60724}"
EndProject
Global
	GlobalSection(SolutionConfigurationPlatforms) = preSolution
		Debug|Any CPU = Debug|Any CPU
		Release|Any CPU = Release|Any CPU
	EndGlobalSection
	GlobalSection(ProjectConfigurationPlatforms) = postSolution
		{C4EB227D-CCA3-414A-B6D7-351D58B3D518}.Debug|Any CPU.ActiveCfg = Debug|Any CPU
		{C4EB227D-CCA3-414A-B6D7-351D58B3D518}.Debug|Any CPU.Build.0 = Debug|Any CPU
		{C4EB227D-CCA3-414A-B6D7-351D58B3D518}.Release|Any CPU.ActiveCfg = Release|Any CPU
		{C4EB227D-CCA3-414A-B6D7-351D58B3D518}.Release|Any CPU.Build.0 = Release|Any CPU
		{B0F65597-A4FD-4C0D-BE5B-4713561F981D}.Debug|Any CPU.ActiveCfg = Debug|Any CPU
		{B0F65597-A4FD-4C0D-BE5B-4713561F981D}.Debug|Any CPU.Build.0 = Debug|Any CPU
		{B0F65597-A4FD-4C0D-BE5B-4713561F981D}.Release|Any CPU.ActiveCfg = Release|Any CPU
		{B0F65597-A4FD-4C0D-BE5B-4713561F981D}.Release|Any CPU.Build.0 = Release|Any CPU
		{43FF29F5-451C-4E72-9B37-F44EBE06D287}.Debug|Any CPU.ActiveCfg = Debug|Any CPU
		{43FF29F5-451C-4E72-9B37-F44EBE06D287}.Debug|Any CPU.Build.0 = Debug|Any CPU
		{43FF29F5-451C-4E72-9B37-F44EBE06D287}.Release|Any CPU.ActiveCfg = Release|Any CPU
		{43FF29F5-451C-4E72-9B37-F44EBE06D287}.Release|Any CPU.Build.0 = Release|Any CPU
		{3149A8BC-EA3C-4D6C-938E-520B7EE60724}.Debug|Any CPU.ActiveCfg = Debug|Any CPU
		{3149A8BC-EA3C-4D6C-938E-520B7EE60724}.Debug|Any CPU.Build.0 = Debug|Any CPU
		{3149A8BC-EA3C-4D6C-938E-520B7EE60724}.Release|Any CPU.ActiveCfg = Release|Any CPU
		{3149A8BC-EA3C-4D6C-938E-520B7EE60724}.Release|Any CPU.Build.0 = Release|Any CPU
	EndGlobalSection
	GlobalSection(SolutionProperties) = preSolution
		HideSolutionNode = FALSE
	EndGlobalSection
EndGlobal
